
Microsoft Visual Studio Solution File, Format Version 12.00
# Visual Studio Version 17
VisualStudioVersion = 17.14.36623.8 d17.14
MinimumVisualStudioVersion = 10.0.40219.1
Project("{FAE04EC0-301F-11D3-BF4B-00C04F79EFBC}") = "FrontEnd", "FrontEnd\FrontEnd.csproj", "{410033E9-E7C9-4E46-A0A4-DD838728DA97}"
EndProject
Project("{FAE04EC0-301F-11D3-BF4B-00C04F79EFBC}") = "BackEnd", "BackEnd\BackEnd.csproj", "{7ADE44FE-6CFA-4C27-86DF-254C00572A58}"
EndProject
Global
	GlobalSection(SolutionConfigurationPlatforms) = preSolution
		Debug|Any CPU = Debug|Any CPU
		Release|Any CPU = Release|Any CPU
	EndGlobalSection
	GlobalSection(ProjectConfigurationPlatforms) = postSolution
		{410033E9-E7C9-4E46-A0A4-DD838728DA97}.Debug|Any CPU.ActiveCfg = Debug|Any CPU
		{410033E9-E7C9-4E46-A0A4-DD838728DA97}.Debug|Any CPU.Build.0 = Debug|Any CPU
		{410033E9-E7C9-4E46-A0A4-DD838728DA97}.Release|Any CPU.ActiveCfg = Release|Any CPU
		{410033E9-E7C9-4E46-A0A4-DD838728DA97}.Release|Any CPU.Build.0 = Release|Any CPU
		{7ADE44FE-6CFA-4C27-86DF-254C00572A58}.Debug|Any CPU.ActiveCfg = Debug|Any CPU
		{7ADE44FE-6CFA-4C27-86DF-254C00572A58}.Debug|Any CPU.Build.0 = Debug|Any CPU
		{7ADE44FE-6CFA-4C27-86DF-254C00572A58}.Release|Any CPU.ActiveCfg = Release|Any CPU
		{7ADE44FE-6CFA-4C27-86DF-254C00572A58}.Release|Any CPU.Build.0 = Release|Any CPU
	EndGlobalSection
	GlobalSection(SolutionProperties) = preSolution
		HideSolutionNode = FALSE
	EndGlobalSection
	GlobalSection(ExtensibilityGlobals) = postSolution
		SolutionGuid = {11ABDFD0-93D2-4629-B584-EB6CEC8C943D}
	EndGlobalSection
EndGlobal
